
Microsoft Visual Studio Solution File, Format Version 12.00
# Visual Studio 15
VisualStudioVersion = 15.0.28307.271
MinimumVisualStudioVersion = 10.0.40219.1
Project("{FAE04EC0-301F-11D3-BF4B-00C04F79EFBC}") = "ExamenSergioRomeoGNB", "ExamenSergioRomeoGNB\ExamenSergioRomeoGNB.csproj", "{98A4DF82-24DC-421F-9B8A-B1DEFD11B754}"
EndProject
Global
	GlobalSection(SolutionConfigurationPlatforms) = preSolution
		Debug|Any CPU = Debug|Any CPU
		Release|Any CPU = Release|Any CPU
	EndGlobalSection
	GlobalSection(ProjectConfigurationPlatforms) = postSolution
		{98A4DF82-24DC-421F-9B8A-B1DEFD11B754}.Debug|Any CPU.ActiveCfg = Debug|Any CPU
		{98A4DF82-24DC-421F-9B8A-B1DEFD11B754}.Debug|Any CPU.Build.0 = Debug|Any CPU
		{98A4DF82-24DC-421F-9B8A-B1DEFD11B754}.Release|Any CPU.ActiveCfg = Release|Any CPU
		{98A4DF82-24DC-421F-9B8A-B1DEFD11B754}.Release|Any CPU.Build.0 = Release|Any CPU
	EndGlobalSection
	GlobalSection(SolutionProperties) = preSolution
		HideSolutionNode = FALSE
	EndGlobalSection
	GlobalSection(ExtensibilityGlobals) = postSolution
		SolutionGuid = {2BC4C098-B498-4C09-97D8-AC2116BBB762}
	EndGlobalSection
EndGlobal
